
Microsoft Visual Studio Solution File, Format Version 12.00
# Visual Studio Version 17
VisualStudioVersion = 17.14.36121.58 d17.14
MinimumVisualStudioVersion = 10.0.40219.1
Project("{8BC9CEB8-8B4A-11D0-8D11-00A0C91BC942}") = "ConsoleApplication1", "ConsoleApplication1\ConsoleApplication1.vcxproj", "{D401CDA9-6AF4-4C56-AE0C-76988D72B218}"
EndProject
Global
	GlobalSection(SolutionConfigurationPlatforms) = preSolution
		Debug|x64 = Debug|x64
		Debug|x86 = Debug|x86
		Release|x64 = Release|x64
		Release|x86 = Release|x86
	EndGlobalSection
	GlobalSection(ProjectConfigurationPlatforms) = postSolution
		{D401CDA9-6AF4-4C56-AE0C-76988D72B218}.Debug|x64.ActiveCfg = Debug|x64
		{D401CDA9-6AF4-4C56-AE0C-76988D72B218}.Debug|x64.Build.0 = Debug|x64
		{D401CDA9-6AF4-4C56-AE0C-76988D72B218}.Debug|x86.ActiveCfg = Debug|Win32
		{D401CDA9-6AF4-4C56-AE0C-76988D72B218}.Debug|x86.Build.0 = Debug|Win32
		{D401CDA9-6AF4-4C56-AE0C-76988D72B218}.Release|x64.ActiveCfg = Release|x64
		{D401CDA9-6AF4-4C56-AE0C-76988D72B218}.Release|x64.Build.0 = Release|x64
		{D401CDA9-6AF4-4C56-AE0C-76988D72B218}.Release|x86.ActiveCfg = Release|Win32
		{D401CDA9-6AF4-4C56-AE0C-76988D72B218}.Release|x86.Build.0 = Release|Win32
	EndGlobalSection
	GlobalSection(SolutionProperties) = preSolution
		HideSolutionNode = FALSE
	EndGlobalSection
	GlobalSection(ExtensibilityGlobals) = postSolution
		SolutionGuid = {0F34B099-CF50-4AB3-8F81-6921D0371E7E}
	EndGlobalSection
EndGlobal
